
Microsoft Visual Studio Solution File, Format Version 12.00
# Visual Studio 14
VisualStudioVersion = 14.0.25420.1
MinimumVisualStudioVersion = 10.0.40219.1
Project("{FAE04EC0-301F-11D3-BF4B-00C04F79EFBC}") = "TopSpotsAPI", "TopSpotsAPI\TopSpotsAPI.csproj", "{5275844D-D161-4A63-BCD9-9E635EA00F9C}"
EndProject
Project("{FAE04EC0-301F-11D3-BF4B-00C04F79EFBC}") = "TopSpotsAPI.Tests", "TopSpotsAPI.Tests\TopSpotsAPI.Tests.csproj", "{6F2DADB5-93A1-4336-9C4E-7AE295C00926}"
EndProject
Global
	GlobalSection(SolutionConfigurationPlatforms) = preSolution
		Debug|Any CPU = Debug|Any CPU
		Release|Any CPU = Release|Any CPU
	EndGlobalSection
	GlobalSection(ProjectConfigurationPlatforms) = postSolution
		{5275844D-D161-4A63-BCD9-9E635EA00F9C}.Debug|Any CPU.ActiveCfg = Debug|Any CPU
		{5275844D-D161-4A63-BCD9-9E635EA00F9C}.Debug|Any CPU.Build.0 = Debug|Any CPU
		{5275844D-D161-4A63-BCD9-9E635EA00F9C}.Release|Any CPU.ActiveCfg = Release|Any CPU
		{5275844D-D161-4A63-BCD9-9E635EA00F9C}.Release|Any CPU.Build.0 = Release|Any CPU
		{6F2DADB5-93A1-4336-9C4E-7AE295C00926}.Debug|Any CPU.ActiveCfg = Debug|Any CPU
		{6F2DADB5-93A1-4336-9C4E-7AE295C00926}.Debug|Any CPU.Build.0 = Debug|Any CPU
		{6F2DADB5-93A1-4336-9C4E-7AE295C00926}.Release|Any CPU.ActiveCfg = Release|Any CPU
		{6F2DADB5-93A1-4336-9C4E-7AE295C00926}.Release|Any CPU.Build.0 = Release|Any CPU
	EndGlobalSection
	GlobalSection(SolutionProperties) = preSolution
		HideSolutionNode = FALSE
	EndGlobalSection
EndGlobal
